<?xml version="1.0" encoding="utf-8"?>
<Project ToolsVersion="4.0" xmlns="http://schemas.microsoft.com/developer/msbuild/2003">
  <ItemGroup>
    <Filter Include="Source Files">
      <UniqueIdentifier>{4FC737F1-C7A5-4376-A066-2A32D752A2FF}</UniqueIdentifier>
      <Extensions>cpp;c;cc;cxx;def;odl;idl;hpj;bat;asm;asmx</Extensions>
    </Filter>
    <Filter Include="Header Files">
      <UniqueIdentifier>{93995380-89BD-4b04-88EB-625FBE52EBFB}</UniqueIdentifier>
      <Extensions>h;hh;hpp;hxx;hm;inl;inc;ipp;xsd</Extensions>
    </Filter>
    <Filter Include="Resource Files">
      <UniqueIdentifier>{67DA6AB6-F800-4c08-8B7A-83BB121AAD01}</UniqueIdentifier>
      <Extensions>rc;ico;cur;bmp;dlg;rc2;rct;bin;rgs;gif;jpg;jpeg;jpe;resx;tiff;tif;png;wav;mfcribbon-ms</Extensions>
    </Filter>
  </ItemGroup>
  <ItemGroup>
    <ClCompile Include="src\audio\audio.c">
      <Filter>Source Files</Filter>
    </ClCompile>
    <ClCompile Include="src\rendering\mesh.c">
      <Filter>Source Files</Filter>
    </ClCompile>
    <ClCompile Include="src\rendering\material.c">
      <Filter>Source Files</Filter>
    </ClCompile>
    <ClCompile Include="src\rendering\texture.c">
      <Filter>Source Files</Filter>
    </ClCompile>
    <ClCompile Include="src\rendering\cubemap.c">
      <Filter>Source Files</Filter>
    </ClCompile>
    <ClCompile Include="src\rendering\renderer.c">
      <Filter>Source Files</Filter>
    </ClCompile>
    <ClCompile Include="src\rendering\program.c">
      <Filter>Source Files</Filter>
    </ClCompile>
    <ClCompile Include="src\entities\camera.c">
      <Filter>Source Files</Filter>
    </ClCompile>
    <ClCompile Include="src\entities\directional_light.c">
      <Filter>Source Files</Filter>
    </ClCompile>
    <ClCompile Include="src\entities\object.c">
      <Filter>Source Files</Filter>
    </ClCompile>
    <ClCompile Include="src\entities\point_light.c">
      <Filter>Source Files</Filter>
    </ClCompile>
    <ClCompile Include="src\entities\spot_light.c">
      <Filter>Source Files</Filter>
    </ClCompile>
    <ClCompile Include="src\entities\sprite.c">
      <Filter>Source Files</Filter>
    </ClCompile>
    <ClCompile Include="src\entities\water.c">
      <Filter>Source Files</Filter>
    </ClCompile>
    <ClCompile Include="src\audio\sound.c">
      <Filter>Source Files</Filter>
    </ClCompile>
    <ClCompile Include="src\audio\source.c">
      <Filter>Source Files</Filter>
    </ClCompile>
    <ClCompile Include="src\entities\sun.c">
      <Filter>Source Files</Filter>
    </ClCompile>
  </ItemGroup>
  <ItemGroup>
    <None Include="assets\shaders\water.vert" />
    <None Include="assets\shaders\deferred.vert" />
    <None Include="assets\shaders\deferred_directional.frag" />
    <None Include="assets\shaders\deferred_point.frag" />
    <None Include="assets\shaders\deferred_spot.frag" />
    <None Include="assets\shaders\deferred_sun.frag" />
    <None Include="assets\shaders\depth.frag" />
    <None Include="assets\shaders\depth.vert" />
    <None Include="assets\shaders\forward.vert" />
    <None Include="assets\shaders\forward_color.frag" />
    <None Include="assets\shaders\forward_directional.frag" />
    <None Include="assets\shaders\forward_point.frag" />
    <None Include="assets\shaders\forward_reflection.frag" />
    <None Include="assets\shaders\forward_spot.frag" />
    <None Include="assets\shaders\forward_sun.frag" />
    <None Include="assets\shaders\geometry.frag" />
    <None Include="assets\shaders\geometry.vert" />
    <None Include="assets\shaders\post.frag" />
    <None Include="assets\shaders\post.vert" />
    <None Include="assets\shaders\skybox.frag" />
    <None Include="assets\shaders\skybox.vert" />
    <None Include="assets\shaders\sprite.frag" />
    <None Include="assets\shaders\sprite.vert" />
    <None Include="assets\shaders\water.frag" />
  </ItemGroup>
</Project>