<?xml version="1.0" encoding="utf-8"?>
<Project ToolsVersion="4.0" xmlns="http://schemas.microsoft.com/developer/msbuild/2003">
  <ItemGroup>
    <Filter Include="Source Files">
      <UniqueIdentifier>{4FC737F1-C7A5-4376-A066-2A32D752A2FF}</UniqueIdentifier>
      <Extensions>cpp;c;cc;cxx;def;odl;idl;hpj;bat;asm;asmx</Extensions>
    </Filter>
    <Filter Include="Header Files">
      <UniqueIdentifier>{93995380-89BD-4b04-88EB-625FBE52EBFB}</UniqueIdentifier>
      <Extensions>h;hh;hpp;hxx;hm;inl;inc;ipp;xsd</Extensions>
    </Filter>
    <Filter Include="Resource Files">
      <UniqueIdentifier>{67DA6AB6-F800-4c08-8B7A-83BB121AAD01}</UniqueIdentifier>
      <Extensions>rc;ico;cur;bmp;dlg;rc2;rct;bin;rgs;gif;jpg;jpeg;jpe;resx;tiff;tif;png;wav;mfcribbon-ms</Extensions>
    </Filter>
  </ItemGroup>
  <ItemGroup>
    <ClCompile Include="src\audio\audio.c">
      <Filter>Source Files</Filter>
    </ClCompile>
    <ClCompile Include="src\audio\chunk.c">
      <Filter>Source Files</Filter>
    </ClCompile>
    <ClCompile Include="src\audio\music.c">
      <Filter>Source Files</Filter>
    </ClCompile>
    <ClCompile Include="src\rendering\mesh.c">
      <Filter>Source Files</Filter>
    </ClCompile>
    <ClCompile Include="src\rendering\material.c">
      <Filter>Source Files</Filter>
    </ClCompile>
    <ClCompile Include="src\rendering\texture.c">
      <Filter>Source Files</Filter>
    </ClCompile>
    <ClCompile Include="src\rendering\cubemap.c">
      <Filter>Source Files</Filter>
    </ClCompile>
    <ClCompile Include="src\core\core.c">
      <Filter>Source Files</Filter>
    </ClCompile>
    <ClCompile Include="src\core\bitmap.c">
      <Filter>Source Files</Filter>
    </ClCompile>
    <ClCompile Include="src\core\time.c">
      <Filter>Source Files</Filter>
    </ClCompile>
    <ClCompile Include="src\core\log.c">
      <Filter>Source Files</Filter>
    </ClCompile>
    <ClCompile Include="src\rendering\window.c">
      <Filter>Source Files</Filter>
    </ClCompile>
    <ClCompile Include="src\rendering\renderer.c">
      <Filter>Source Files</Filter>
    </ClCompile>
    <ClCompile Include="src\rendering\program.c">
      <Filter>Source Files</Filter>
    </ClCompile>
    <ClCompile Include="src\entities\camera.c">
      <Filter>Source Files</Filter>
    </ClCompile>
    <ClCompile Include="src\entities\directional_light.c">
      <Filter>Source Files</Filter>
    </ClCompile>
    <ClCompile Include="src\entities\object.c">
      <Filter>Source Files</Filter>
    </ClCompile>
    <ClCompile Include="src\entities\point_light.c">
      <Filter>Source Files</Filter>
    </ClCompile>
    <ClCompile Include="src\entities\spot_light.c">
      <Filter>Source Files</Filter>
    </ClCompile>
    <ClCompile Include="src\entities\sprite.c">
      <Filter>Source Files</Filter>
    </ClCompile>
    <ClCompile Include="src\entities\water.c">
      <Filter>Source Files</Filter>
    </ClCompile>
    <ClCompile Include="src\net\http.c">
      <Filter>Source Files</Filter>
    </ClCompile>
    <ClCompile Include="src\net\tcp.c">
      <Filter>Source Files</Filter>
    </ClCompile>
    <ClCompile Include="src\net\udp.c">
      <Filter>Source Files</Filter>
    </ClCompile>
  </ItemGroup>
  <ItemGroup>
    <ClInclude Include="include\engine\audio\audio.h">
      <Filter>Header Files</Filter>
    </ClInclude>
    <ClInclude Include="include\engine\core\bitmap.h">
      <Filter>Header Files</Filter>
    </ClInclude>
    <ClInclude Include="include\engine\audio\chunk.h">
      <Filter>Header Files</Filter>
    </ClInclude>
    <ClInclude Include="include\engine\core\core.h">
      <Filter>Header Files</Filter>
    </ClInclude>
    <ClInclude Include="include\engine\rendering\cubemap.h">
      <Filter>Header Files</Filter>
    </ClInclude>
    <ClInclude Include="include\engine\engine.h">
      <Filter>Header Files</Filter>
    </ClInclude>
    <ClInclude Include="include\engine\net\http.h">
      <Filter>Header Files</Filter>
    </ClInclude>
    <ClInclude Include="include\engine\core\log.h">
      <Filter>Header Files</Filter>
    </ClInclude>
    <ClInclude Include="include\engine\rendering\material.h">
      <Filter>Header Files</Filter>
    </ClInclude>
    <ClInclude Include="include\engine\rendering\mesh.h">
      <Filter>Header Files</Filter>
    </ClInclude>
    <ClInclude Include="include\engine\audio\music.h">
      <Filter>Header Files</Filter>
    </ClInclude>
    <ClInclude Include="include\engine\rendering\program.h">
      <Filter>Header Files</Filter>
    </ClInclude>
    <ClInclude Include="include\engine\rendering\renderer.h">
      <Filter>Header Files</Filter>
    </ClInclude>
    <ClInclude Include="include\engine\rendering\texture.h">
      <Filter>Header Files</Filter>
    </ClInclude>
    <ClInclude Include="include\engine\rendering\window.h">
      <Filter>Header Files</Filter>
    </ClInclude>
    <ClInclude Include="include\engine\net\tcp.h">
      <Filter>Header Files</Filter>
    </ClInclude>
    <ClInclude Include="include\engine\net\udp.h">
      <Filter>Header Files</Filter>
    </ClInclude>
    <ClInclude Include="include\engine\core\time.h">
      <Filter>Header Files</Filter>
    </ClInclude>
    <ClInclude Include="include\engine\entities\camera.h">
      <Filter>Header Files</Filter>
    </ClInclude>
    <ClInclude Include="include\engine\entities\directional_light.h">
      <Filter>Header Files</Filter>
    </ClInclude>
    <ClInclude Include="include\engine\entities\object.h">
      <Filter>Header Files</Filter>
    </ClInclude>
    <ClInclude Include="include\engine\entities\point_light.h">
      <Filter>Header Files</Filter>
    </ClInclude>
    <ClInclude Include="include\engine\entities\spot_light.h">
      <Filter>Header Files</Filter>
    </ClInclude>
    <ClInclude Include="include\engine\entities\water.h">
      <Filter>Header Files</Filter>
    </ClInclude>
    <ClInclude Include="include\engine\entities\sprite.h">
      <Filter>Header Files</Filter>
    </ClInclude>
  </ItemGroup>
</Project>